
Microsoft Visual Studio Solution File, Format Version 12.00
# Visual Studio Version 16
VisualStudioVersion = 16.0.30611.23
MinimumVisualStudioVersion = 10.0.40219.1
Project("{9A19103F-16F7-4668-BE54-9A1E7A4F7556}") = "SieveOfEratosthenesAlgorithm", "SieveOfEratosthenesAlgorithm\SieveOfEratosthenesAlgorithm.csproj", "{4393BC3C-577F-48B3-A723-8F3AE0D44A25}"
EndProject
Project("{FAE04EC0-301F-11D3-BF4B-00C04F79EFBC}") = "SieveOfEratosthenesAlgorithmTest", "SieveOfEratosthenesAlgorithmTest\SieveOfEratosthenesAlgorithmTest.csproj", "{8B5563F5-94B5-4A48-BFF2-CF1C5723ECB2}"
EndProject
Global
	GlobalSection(SolutionConfigurationPlatforms) = preSolution
		Debug|Any CPU = Debug|Any CPU
		Release|Any CPU = Release|Any CPU
	EndGlobalSection
	GlobalSection(ProjectConfigurationPlatforms) = postSolution
		{4393BC3C-577F-48B3-A723-8F3AE0D44A25}.Debug|Any CPU.ActiveCfg = Debug|Any CPU
		{4393BC3C-577F-48B3-A723-8F3AE0D44A25}.Debug|Any CPU.Build.0 = Debug|Any CPU
		{4393BC3C-577F-48B3-A723-8F3AE0D44A25}.Release|Any CPU.ActiveCfg = Release|Any CPU
		{4393BC3C-577F-48B3-A723-8F3AE0D44A25}.Release|Any CPU.Build.0 = Release|Any CPU
		{8B5563F5-94B5-4A48-BFF2-CF1C5723ECB2}.Debug|Any CPU.ActiveCfg = Debug|Any CPU
		{8B5563F5-94B5-4A48-BFF2-CF1C5723ECB2}.Debug|Any CPU.Build.0 = Debug|Any CPU
		{8B5563F5-94B5-4A48-BFF2-CF1C5723ECB2}.Release|Any CPU.ActiveCfg = Release|Any CPU
		{8B5563F5-94B5-4A48-BFF2-CF1C5723ECB2}.Release|Any CPU.Build.0 = Release|Any CPU
	EndGlobalSection
	GlobalSection(SolutionProperties) = preSolution
		HideSolutionNode = FALSE
	EndGlobalSection
	GlobalSection(ExtensibilityGlobals) = postSolution
		SolutionGuid = {21BED4AA-6BEB-4A5E-9422-D4E54A05AB7E}
	EndGlobalSection
EndGlobal
